
Microsoft Visual Studio Solution File, Format Version 12.00
# Visual Studio Version 17
VisualStudioVersion = 17.0.32014.148
MinimumVisualStudioVersion = 10.0.40219.1
Project("{FAE04EC0-301F-11D3-BF4B-00C04F79EFBC}") = "TestMinimalAPI", "TestMinimalAPI\TestMinimalAPI.csproj", "{9BA01F3B-26EA-479A-93C0-C6D460F7D819}"
EndProject
Project("{00D1A9C2-B5F0-4AF3-8072-F6C62B433612}") = "UserDB", "UserDB\UserDB.sqlproj", "{32A6FDA5-E0F6-46CB-9BF9-DC0AE0F3CCE4}"
EndProject
Global
	GlobalSection(SolutionConfigurationPlatforms) = preSolution
		Debug|Any CPU = Debug|Any CPU
		Release|Any CPU = Release|Any CPU
	EndGlobalSection
	GlobalSection(ProjectConfigurationPlatforms) = postSolution
		{9BA01F3B-26EA-479A-93C0-C6D460F7D819}.Debug|Any CPU.ActiveCfg = Debug|Any CPU
		{9BA01F3B-26EA-479A-93C0-C6D460F7D819}.Debug|Any CPU.Build.0 = Debug|Any CPU
		{9BA01F3B-26EA-479A-93C0-C6D460F7D819}.Release|Any CPU.ActiveCfg = Release|Any CPU
		{9BA01F3B-26EA-479A-93C0-C6D460F7D819}.Release|Any CPU.Build.0 = Release|Any CPU
		{32A6FDA5-E0F6-46CB-9BF9-DC0AE0F3CCE4}.Debug|Any CPU.ActiveCfg = Debug|Any CPU
		{32A6FDA5-E0F6-46CB-9BF9-DC0AE0F3CCE4}.Debug|Any CPU.Build.0 = Debug|Any CPU
		{32A6FDA5-E0F6-46CB-9BF9-DC0AE0F3CCE4}.Debug|Any CPU.Deploy.0 = Debug|Any CPU
		{32A6FDA5-E0F6-46CB-9BF9-DC0AE0F3CCE4}.Release|Any CPU.ActiveCfg = Release|Any CPU
		{32A6FDA5-E0F6-46CB-9BF9-DC0AE0F3CCE4}.Release|Any CPU.Build.0 = Release|Any CPU
		{32A6FDA5-E0F6-46CB-9BF9-DC0AE0F3CCE4}.Release|Any CPU.Deploy.0 = Release|Any CPU
	EndGlobalSection
	GlobalSection(SolutionProperties) = preSolution
		HideSolutionNode = FALSE
	EndGlobalSection
	GlobalSection(ExtensibilityGlobals) = postSolution
		SolutionGuid = {9C501738-CA73-434D-A407-98D4258FC341}
	EndGlobalSection
EndGlobal
